// !$*UTF8*$!
{
	archiveVersion = 1;
	classes = {
	};
	objectVersion = 50;
	objects = {

/* Begin PBXBuildFile section */
		2C79C4D022E1B93A00D7262E /* AppDelegate.swift in Sources */ = {isa = PBXBuildFile; fileRef = 2C79C4CF22E1B93A00D7262E /* AppDelegate.swift */; };
		2C79C4D222E1B93A00D7262E /* ViewController.swift in Sources */ = {isa = PBXBuildFile; fileRef = 2C79C4D122E1B93A00D7262E /* ViewController.swift */; };
		2C79C4D522E1B93A00D7262E /* Main.storyboard in Resources */ = {isa = PBXBuildFile; fileRef = 2C79C4D322E1B93A00D7262E /* Main.storyboard */; };
		2C79C4D722E1B93E00D7262E /* Assets.xcassets in Resources */ = {isa = PBXBuildFile; fileRef = 2C79C4D622E1B93E00D7262E /* Assets.xcassets */; };
		2C79C4DA22E1B93E00D7262E /* LaunchScreen.storyboard in Resources */ = {isa = PBXBuildFile; fileRef = 2C79C4D822E1B93E00D7262E /* LaunchScreen.storyboard */; };
		2C79C4E322E26EAF00D7262E /* level2.txt in Resources */ = {isa = PBXBuildFile; fileRef = 2C79C4E122E26EAF00D7262E /* level2.txt */; };
		2C79C4E422E26EAF00D7262E /* level1.txt in Resources */ = {isa = PBXBuildFile; fileRef = 2C79C4E222E26EAF00D7262E /* level1.txt */; };
/* End PBXBuildFile section */

/* Begin PBXFileReference section */
		2C79C4CC22E1B93A00D7262E /* Project08.app */ = {isa = PBXFileReference; explicitFileType = wrapper.application; includeInIndex = 0; path = Project08.app; sourceTree = BUILT_PRODUCTS_DIR; };
		2C79C4CF22E1B93A00D7262E /* AppDelegate.swift */ = {isa = PBXFileReference; lastKnownFileType = sourcecode.swift; path = AppDelegate.swift; sourceTree = "<group>"; };
		2C79C4D122E1B93A00D7262E /* ViewController.swift */ = {isa = PBXFileReference; lastKnownFileType = sourcecode.swift; path = ViewController.swift; sourceTree = "<group>"; };
		2C79C4D422E1B93A00D7262E /* Base */ = {isa = PBXFileReference; lastKnownFileType = file.storyboard; name = Base; path = Base.lproj/Main.storyboard; sourceTree = "<group>"; };
		2C79C4D622E1B93E00D7262E /* Assets.xcassets */ = {isa = PBXFileReference; lastKnownFileType = folder.assetcatalog; path = Assets.xcassets; sourceTree = "<group>"; };
		2C79C4D922E1B93E00D7262E /* Base */ = {isa = PBXFileReference; lastKnownFileType = file.storyboard; name = Base; path = Base.lproj/LaunchScreen.storyboard; sourceTree = "<group>"; };
		2C79C4DB22E1B93E00D7262E /* Info.plist */ = {isa = PBXFileReference; lastKnownFileType = text.plist.xml; path = Info.plist; sourceTree = "<group>"; };
		2C79C4E122E26EAF00D7262E /* level2.txt */ = {isa = PBXFileReference; fileEncoding = 4; lastKnownFileType = text; path = level2.txt; sourceTree = "<group>"; };
		2C79C4E222E26EAF00D7262E /* level1.txt */ = {isa = PBXFileReference; fileEncoding = 4; lastKnownFileType = text; path = level1.txt; sourceTree = "<group>"; };
/* End PBXFileReference section */

/* Begin PBXFrameworksBuildPhase section */
		2C79C4C922E1B93A00D7262E /* Frameworks */ = {
			isa = PBXFrameworksBuildPhase;
			buildActionMask = 2147483647;
			files = (
			);
			runOnlyForDeploymentPostprocessing = 0;
		};
/* End PBXFrameworksBuildPhase section */

/* Begin PBXGroup section */
		2C79C4C322E1B93A00D7262E = {
			isa = PBXGroup;
			children = (
				2C79C4CE22E1B93A00D7262E /* Project08 */,
				2C79C4CD22E1B93A00D7262E /* Products */,
			);
			sourceTree = "<group>";
		};
		2C79C4CD22E1B93A00D7262E /* Products */ = {
			isa = PBXGroup;
			children = (
				2C79C4CC22E1B93A00D7262E /* Project08.app */,
			);
			name = Products;
			sourceTree = "<group>";
		};
		2C79C4CE22E1B93A00D7262E /* Project08 */ = {
			isa = PBXGroup;
			children = (
				2C79C4CF22E1B93A00D7262E /* AppDelegate.swift */,
				2C79C4D122E1B93A00D7262E /* ViewController.swift */,
				2C79C4D322E1B93A00D7262E /* Main.storyboard */,
				2C79C4D622E1B93E00D7262E /* Assets.xcassets */,
				2C79C4D822E1B93E00D7262E /* LaunchScreen.storyboard */,
				2C79C4DB22E1B93E00D7262E /* Info.plist */,
				2C79C4E222E26EAF00D7262E /* level1.txt */,
				2C79C4E122E26EAF00D7262E /* level2.txt */,
			);
			path = Project08;
			sourceTree = "<group>";
		};
/* End PBXGroup section */

/* Begin PBXNativeTarget section */
		2C79C4CB22E1B93A00D7262E /* Project08 */ = {
			isa = PBXNativeTarget;
			buildConfigurationList = 2C79C4DE22E1B93E00D7262E /* Build configuration list for PBXNativeTarget "Project08" */;
			buildPhases = (
				2C79C4C822E1B93A00D7262E /* Sources */,
				2C79C4C922E1B93A00D7262E /* Frameworks */,
				2C79C4CA22E1B93A00D7262E /* Resources */,
			);
			buildRules = (
			);
			dependencies = (
			);
			name = Project08;
			productName = Project08;
			productReference = 2C79C4CC22E1B93A00D7262E /* Project08.app */;
			productType = "com.apple.product-type.application";
		};
/* End PBXNativeTarget section */

/* Begin PBXProject section */
		2C79C4C422E1B93A00D7262E /* Project object */ = {
			isa = PBXProject;
			attributes = {
				LastSwiftUpdateCheck = 1020;
				LastUpgradeCheck = 1020;
				ORGANIZATIONNAME = "Brandan McDevitt";
				TargetAttributes = {
					2C79C4CB22E1B93A00D7262E = {
						CreatedOnToolsVersion = 10.2.1;
					};
				};
			};
			buildConfigurationList = 2C79C4C722E1B93A00D7262E /* Build configuration list for PBXProject "Project08" */;
			compatibilityVersion = "Xcode 9.3";
			developmentRegion = en;
			hasScannedForEncodings = 0;
			knownRegions = (
				en,
				Base,
			);
			mainGroup = 2C79C4C322E1B93A00D7262E;
			productRefGroup = 2C79C4CD22E1B93A00D7262E /* Products */;
			projectDirPath = "";
			projectRoot = "";
			targets = (
				2C79C4CB22E1B93A00D7262E /* Project08 */,
			);
		};
/* End PBXProject section */

/* Begin PBXResourcesBuildPhase section */
		2C79C4CA22E1B93A00D7262E /* Resources */ = {
			isa = PBXResourcesBuildPhase;
			buildActionMask = 2147483647;
			files = (
				2C79C4E422E26EAF00D7262E /* level1.txt in Resources */,
				2C79C4DA22E1B93E00D7262E /* LaunchScreen.storyboard in Resources */,
				2C79C4D722E1B93E00D7262E /* Assets.xcassets in Resources */,
				2C79C4E322E26EAF00D7262E /* level2.txt in Resources */,
				2C79C4D522E1B93A00D7262E /* Main.storyboard in Resources */,
			);
			runOnlyForDeploymentPostprocessing = 0;
		};
/* End PBXResourcesBuildPhase section */

/* Begin PBXSourcesBuildPhase section */
		2C79C4C822E1B93A00D7262E /* Sources */ = {
			isa = PBXSourcesBuildPhase;
			buildActionMask = 2147483647;
			files = (
				2C79C4D222E1B93A00D7262E /* ViewController.swift in Sources */,
				2C79C4D022E1B93A00D7262E /* AppDelegate.swift in Sources */,
			);
			runOnlyForDeploymentPostprocessing = 0;
		};
/* End PBXSourcesBuildPhase section */

/* Begin PBXVariantGroup section */
		2C79C4D322E1B93A00D7262E /* Main.storyboard */ = {
			isa = PBXVariantGroup;
			children = (
				2C79C4D422E1B93A00D7262E /* Base */,
			);
			name = Main.storyboard;
			sourceTree = "<group>";
		};
		2C79C4D822E1B93E00D7262E /* LaunchScreen.storyboard */ = {
			isa = PBXVariantGroup;
			children = (
				2C79C4D922E1B93E00D7262E /* Base */,
			);
			name = LaunchScreen.storyboard;
			sourceTree = "<group>";
		};
/* End PBXVariantGroup section */

/* Begin XCBuildConfiguration section */
		2C79C4DC22E1B93E00D7262E /* Debug */ = {
			isa = XCBuildConfiguration;
			buildSettings = {
				ALWAYS_SEARCH_USER_PATHS = NO;
				CLANG_ANALYZER_NONNULL = YES;
				CLANG_ANALYZER_NUMBER_OBJECT_CONVERSION = YES_AGGRESSIVE;
				CLANG_CXX_LANGUAGE_STANDARD = "gnu++14";
				CLANG_CXX_LIBRARY = "libc++";
				CLANG_ENABLE_MODULES = YES;
				CLANG_ENABLE_OBJC_ARC = YES;
				CLANG_ENABLE_OBJC_WEAK = YES;
				CLANG_WARN_BLOCK_CAPTURE_AUTORELEASING = YES;
				CLANG_WARN_BOOL_CONVERSION = YES;
				CLANG_WARN_COMMA = YES;
				CLANG_WARN_CONSTANT_CONVERSION = YES;
				CLANG_WARN_DEPRECATED_OBJC_IMPLEMENTATIONS = YES;
				CLANG_WARN_DIRECT_OBJC_ISA_USAGE = YES_ERROR;
				CLANG_WARN_DOCUMENTATION_COMMENTS = YES;
				CLANG_WARN_EMPTY_BODY = YES;
				CLANG_WARN_ENUM_CONVERSION = YES;
				CLANG_WARN_INFINITE_RECURSION = YES;
				CLANG_WARN_INT_CONVERSION = YES;
				CLANG_WARN_NON_LITERAL_NULL_CONVERSION = YES;
				CLANG_WARN_OBJC_IMPLICIT_RETAIN_SELF = YES;
				CLANG_WARN_OBJC_LITERAL_CONVERSION = YES;
				CLANG_WARN_OBJC_ROOT_CLASS = YES_ERROR;
				CLANG_WARN_RANGE_LOOP_ANALYSIS = YES;
				CLANG_WARN_STRICT_PROTOTYPES = YES;
				CLANG_WARN_SUSPICIOUS_MOVE = YES;
				CLANG_WARN_UNGUARDED_AVAILABILITY = YES_AGGRESSIVE;
				CLANG_WARN_UNREACHABLE_CODE = YES;
				CLANG_WARN__DUPLICATE_METHOD_MATCH = YES;
				CODE_SIGN_IDENTITY = "iPhone Developer";
				COPY_PHASE_STRIP = NO;
				DEBUG_INFORMATION_FORMAT = dwarf;
				ENABLE_STRICT_OBJC_MSGSEND = YES;
				ENABLE_TESTABILITY = YES;
				GCC_C_LANGUAGE_STANDARD = gnu11;
				GCC_DYNAMIC_NO_PIC = NO;
				GCC_NO_COMMON_BLOCKS = YES;
				GCC_OPTIMIZATION_LEVEL = 0;
				GCC_PREPROCESSOR_DEFINITIONS = (
					"DEBUG=1",
					"$(inherited)",
				);
				GCC_WARN_64_TO_32_BIT_CONVERSION = YES;
				GCC_WARN_ABOUT_RETURN_TYPE = YES_ERROR;
				GCC_WARN_UNDECLARED_SELECTOR = YES;
				GCC_WARN_UNINITIALIZED_AUTOS = YES_AGGRESSIVE;
				GCC_WARN_UNUSED_FUNCTION = YES;
				GCC_WARN_UNUSED_VARIABLE = YES;
				IPHONEOS_DEPLOYMENT_TARGET = 12.2;
				MTL_ENABLE_DEBUG_INFO = INCLUDE_SOURCE;
				MTL_FAST_MATH = YES;
				ONLY_ACTIVE_ARCH = YES;
				SDKROOT = iphoneos;
				SWIFT_ACTIVE_COMPILATION_CONDITIONS = DEBUG;
				SWIFT_OPTIMIZATION_LEVEL = "-Onone";
			};
			name = Debug;
		};
		2C79C4DD22E1B93E00D7262E /* Release */ = {
			isa = XCBuildConfiguration;
			buildSettings = {
				ALWAYS_SEARCH_USER_PATHS = NO;
				CLANG_ANALYZER_NONNULL = YES;
				CLANG_ANALYZER_NUMBER_OBJECT_CONVERSION = YES_AGGRESSIVE;
				CLANG_CXX_LANGUAGE_STANDARD = "gnu++14";
				CLANG_CXX_LIBRARY = "libc++";
				CLANG_ENABLE_MODULES = YES;
				CLANG_ENABLE_OBJC_ARC = YES;
				CLANG_ENABLE_OBJC_WEAK = YES;
				CLANG_WARN_BLOCK_CAPTURE_AUTORELEASING = YES;
				CLANG_WARN_BOOL_CONVERSION = YES;
				CLANG_WARN_COMMA = YES;
				CLANG_WARN_CONSTANT_CONVERSION = YES;
				CLANG_WARN_DEPRECATED_OBJC_IMPLEMENTATIONS = YES;
				CLANG_WARN_DIRECT_OBJC_ISA_USAGE = YES_ERROR;
				CLANG_WARN_DOCUMENTATION_COMMENTS = YES;
				CLANG_WARN_EMPTY_BODY = YES;
				CLANG_WARN_ENUM_CONVERSION = YES;
				CLANG_WARN_INFINITE_RECURSION = YES;
				CLANG_WARN_INT_CONVERSION = YES;
				CLANG_WARN_NON_LITERAL_NULL_CONVERSION = YES;
				CLANG_WARN_OBJC_IMPLICIT_RETAIN_SELF = YES;
				CLANG_WARN_OBJC_LITERAL_CONVERSION = YES;
				CLANG_WARN_OBJC_ROOT_CLASS = YES_ERROR;
				CLANG_WARN_RANGE_LOOP_ANALYSIS = YES;
				CLANG_WARN_STRICT_PROTOTYPES = YES;
				CLANG_WARN_SUSPICIOUS_MOVE = YES;
				CLANG_WARN_UNGUARDED_AVAILABILITY = YES_AGGRESSIVE;
				CLANG_WARN_UNREACHABLE_CODE = YES;
				CLANG_WARN__DUPLICATE_METHOD_MATCH = YES;
				CODE_SIGN_IDENTITY = "iPhone Developer";
				COPY_PHASE_STRIP = NO;
				DEBUG_INFORMATION_FORMAT = "dwarf-with-dsym";
				ENABLE_NS_ASSERTIONS = NO;
				ENABLE_STRICT_OBJC_MSGSEND = YES;
				GCC_C_LANGUAGE_STANDARD = gnu11;
				GCC_NO_COMMON_BLOCKS = YES;
				GCC_WARN_64_TO_32_BIT_CONVERSION = YES;
				GCC_WARN_ABOUT_RETURN_TYPE = YES_ERROR;
				GCC_WARN_UNDECLARED_SELECTOR = YES;
				GCC_WARN_UNINITIALIZED_AUTOS = YES_AGGRESSIVE;
				GCC_WARN_UNUSED_FUNCTION = YES;
				GCC_WARN_UNUSED_VARIABLE = YES;
				IPHONEOS_DEPLOYMENT_TARGET = 12.2;
				MTL_ENABLE_DEBUG_INFO = NO;
				MTL_FAST_MATH = YES;
				SDKROOT = iphoneos;
				SWIFT_COMPILATION_MODE = wholemodule;
				SWIFT_OPTIMIZATION_LEVEL = "-O";
				VALIDATE_PRODUCT = YES;
			};
			name = Release;
		};
		2C79C4DF22E1B93E00D7262E /* Debug */ = {
			isa = XCBuildConfiguration;
			buildSettings = {
				ASSETCATALOG_COMPILER_APPICON_NAME = AppIcon;
				CODE_SIGN_STYLE = Automatic;
				DEVELOPMENT_TEAM = 5UVZRKV28W;
				INFOPLIST_FILE = Project08/Info.plist;
				LD_RUNPATH_SEARCH_PATHS = (
					"$(inherited)",
					"@executable_path/Frameworks",
				);
				PRODUCT_BUNDLE_IDENTIFIER = com.brandanmcdevitt.Project08;
				PRODUCT_NAME = "$(TARGET_NAME)";
				SWIFT_VERSION = 5.0;
				TARGETED_DEVICE_FAMILY = 2;
			};
			name = Debug;
		};
		2C79C4E022E1B93E00D7262E /* Release */ = {
			isa = XCBuildConfiguration;
			buildSettings = {
				ASSETCATALOG_COMPILER_APPICON_NAME = AppIcon;
				CODE_SIGN_STYLE = Automatic;
				DEVELOPMENT_TEAM = 5UVZRKV28W;
				INFOPLIST_FILE = Project08/Info.plist;
				LD_RUNPATH_SEARCH_PATHS = (
					"$(inherited)",
					"@executable_path/Frameworks",
				);
				PRODUCT_BUNDLE_IDENTIFIER = com.brandanmcdevitt.Project08;
				PRODUCT_NAME = "$(TARGET_NAME)";
				SWIFT_VERSION = 5.0;
				TARGETED_DEVICE_FAMILY = 2;
			};
			name = Release;
		};
/* End XCBuildConfiguration section */

/* Begin XCConfigurationList section */
		2C79C4C722E1B93A00D7262E /* Build configuration list for PBXProject "Project08" */ = {
			isa = XCConfigurationList;
			buildConfigurations = (
				2C79C4DC22E1B93E00D7262E /* Debug */,
				2C79C4DD22E1B93E00D7262E /* Release */,
			);
			defaultConfigurationIsVisible = 0;
			defaultConfigurationName = Release;
		};
		2C79C4DE22E1B93E00D7262E /* Build configuration list for PBXNativeTarget "Project08" */ = {
			isa = XCConfigurationList;
			buildConfigurations = (
				2C79C4DF22E1B93E00D7262E /* Debug */,
				2C79C4E022E1B93E00D7262E /* Release */,
			);
			defaultConfigurationIsVisible = 0;
			defaultConfigurationName = Release;
		};
/* End XCConfigurationList section */
	};
	rootObject = 2C79C4C422E1B93A00D7262E /* Project object */;
}
